
Microsoft Visual Studio Solution File, Format Version 12.00
# Visual Studio Version 16
VisualStudioVersion = 16.0.31005.135
MinimumVisualStudioVersion = 10.0.40219.1
Project("{FAE04EC0-301F-11D3-BF4B-00C04F79EFBC}") = "VM IP VOD CP File Manager", "VM IP VOD CP File Manager\VM IP VOD CP File Manager.csproj", "{8A67FEFB-46C9-4335-974D-66DCAB2BEE2D}"
EndProject
Global
	GlobalSection(SolutionConfigurationPlatforms) = preSolution
		Debug|Any CPU = Debug|Any CPU
		Release|Any CPU = Release|Any CPU
	EndGlobalSection
	GlobalSection(ProjectConfigurationPlatforms) = postSolution
		{8A67FEFB-46C9-4335-974D-66DCAB2BEE2D}.Debug|Any CPU.ActiveCfg = Debug|Any CPU
		{8A67FEFB-46C9-4335-974D-66DCAB2BEE2D}.Debug|Any CPU.Build.0 = Debug|Any CPU
		{8A67FEFB-46C9-4335-974D-66DCAB2BEE2D}.Release|Any CPU.ActiveCfg = Release|Any CPU
		{8A67FEFB-46C9-4335-974D-66DCAB2BEE2D}.Release|Any CPU.Build.0 = Release|Any CPU
	EndGlobalSection
	GlobalSection(SolutionProperties) = preSolution
		HideSolutionNode = FALSE
	EndGlobalSection
	GlobalSection(ExtensibilityGlobals) = postSolution
		SolutionGuid = {A45E4B2C-EFBD-4404-8581-9BBC0E25CE06}
	EndGlobalSection
EndGlobal
